// !$*UTF8*$!
{
	archiveVersion = 1;
	classes = {
	};
	objectVersion = 50;
	objects = {

/* Begin PBXBuildFile section */
		2EFEB72CAFDBA8CE8FAD8F59 /* libPods-AnimationUITests.a in Frameworks */ = {isa = PBXBuildFile; fileRef = 53128E908D1F2F7DD36212A5 /* libPods-AnimationUITests.a */; };
		379FEC482253501200F0AF56 /* AppDelegate.m in Sources */ = {isa = PBXBuildFile; fileRef = 379FEC472253501200F0AF56 /* AppDelegate.m */; };
		379FEC4B2253501200F0AF56 /* ViewController.m in Sources */ = {isa = PBXBuildFile; fileRef = 379FEC4A2253501200F0AF56 /* ViewController.m */; };
		379FEC4E2253501200F0AF56 /* Main.storyboard in Resources */ = {isa = PBXBuildFile; fileRef = 379FEC4C2253501200F0AF56 /* Main.storyboard */; };
		379FEC502253501400F0AF56 /* Assets.xcassets in Resources */ = {isa = PBXBuildFile; fileRef = 379FEC4F2253501400F0AF56 /* Assets.xcassets */; };
		379FEC532253501400F0AF56 /* LaunchScreen.storyboard in Resources */ = {isa = PBXBuildFile; fileRef = 379FEC512253501400F0AF56 /* LaunchScreen.storyboard */; };
		379FEC562253501400F0AF56 /* main.m in Sources */ = {isa = PBXBuildFile; fileRef = 379FEC552253501400F0AF56 /* main.m */; };
		379FEC602253501500F0AF56 /* AnimationTests.m in Sources */ = {isa = PBXBuildFile; fileRef = 379FEC5F2253501500F0AF56 /* AnimationTests.m */; };
		379FEC6B2253501500F0AF56 /* AnimationUITests.m in Sources */ = {isa = PBXBuildFile; fileRef = 379FEC6A2253501500F0AF56 /* AnimationUITests.m */; };
		379FEC7B2253620E00F0AF56 /* AnimationHomeTableViewController.m in Sources */ = {isa = PBXBuildFile; fileRef = 379FEC7A2253620E00F0AF56 /* AnimationHomeTableViewController.m */; };
		379FEC82225368A600F0AF56 /* FireAnimationViewController.m in Sources */ = {isa = PBXBuildFile; fileRef = 379FEC80225368A600F0AF56 /* FireAnimationViewController.m */; };
		379FEC83225368A600F0AF56 /* FireAnimationViewController.xib in Resources */ = {isa = PBXBuildFile; fileRef = 379FEC81225368A600F0AF56 /* FireAnimationViewController.xib */; };
		78F8FCEDC17C04745BEF8339 /* libPods-Animation.a in Frameworks */ = {isa = PBXBuildFile; fileRef = 4E8CC59AFE8216AE350482E8 /* libPods-Animation.a */; };
		9E8E7991F891EE6AE274B9AF /* libPods-AnimationTests.a in Frameworks */ = {isa = PBXBuildFile; fileRef = 16B7449606B2ECF90C18F237 /* libPods-AnimationTests.a */; };
/* End PBXBuildFile section */

/* Begin PBXContainerItemProxy section */
		379FEC5C2253501400F0AF56 /* PBXContainerItemProxy */ = {
			isa = PBXContainerItemProxy;
			containerPortal = 379FEC3B2253501200F0AF56 /* Project object */;
			proxyType = 1;
			remoteGlobalIDString = 379FEC422253501200F0AF56;
			remoteInfo = Animation;
		};
		379FEC672253501500F0AF56 /* PBXContainerItemProxy */ = {
			isa = PBXContainerItemProxy;
			containerPortal = 379FEC3B2253501200F0AF56 /* Project object */;
			proxyType = 1;
			remoteGlobalIDString = 379FEC422253501200F0AF56;
			remoteInfo = Animation;
		};
/* End PBXContainerItemProxy section */

/* Begin PBXFileReference section */
		01931A7384359C730A16B99E /* Pods-Animation.debug.xcconfig */ = {isa = PBXFileReference; includeInIndex = 1; lastKnownFileType = text.xcconfig; name = "Pods-Animation.debug.xcconfig"; path = "Target Support Files/Pods-Animation/Pods-Animation.debug.xcconfig"; sourceTree = "<group>"; };
		16B7449606B2ECF90C18F237 /* libPods-AnimationTests.a */ = {isa = PBXFileReference; explicitFileType = archive.ar; includeInIndex = 0; path = "libPods-AnimationTests.a"; sourceTree = BUILT_PRODUCTS_DIR; };
		379FEC432253501200F0AF56 /* Animation.app */ = {isa = PBXFileReference; explicitFileType = wrapper.application; includeInIndex = 0; path = Animation.app; sourceTree = BUILT_PRODUCTS_DIR; };
		379FEC462253501200F0AF56 /* AppDelegate.h */ = {isa = PBXFileReference; lastKnownFileType = sourcecode.c.h; path = AppDelegate.h; sourceTree = "<group>"; };
		379FEC472253501200F0AF56 /* AppDelegate.m */ = {isa = PBXFileReference; lastKnownFileType = sourcecode.c.objc; path = AppDelegate.m; sourceTree = "<group>"; };
		379FEC492253501200F0AF56 /* ViewController.h */ = {isa = PBXFileReference; lastKnownFileType = sourcecode.c.h; path = ViewController.h; sourceTree = "<group>"; };
		379FEC4A2253501200F0AF56 /* ViewController.m */ = {isa = PBXFileReference; lastKnownFileType = sourcecode.c.objc; path = ViewController.m; sourceTree = "<group>"; };
		379FEC4D2253501200F0AF56 /* Base */ = {isa = PBXFileReference; lastKnownFileType = file.storyboard; name = Base; path = Base.lproj/Main.storyboard; sourceTree = "<group>"; };
		379FEC4F2253501400F0AF56 /* Assets.xcassets */ = {isa = PBXFileReference; lastKnownFileType = folder.assetcatalog; path = Assets.xcassets; sourceTree = "<group>"; };
		379FEC522253501400F0AF56 /* Base */ = {isa = PBXFileReference; lastKnownFileType = file.storyboard; name = Base; path = Base.lproj/LaunchScreen.storyboard; sourceTree = "<group>"; };
		379FEC542253501400F0AF56 /* Info.plist */ = {isa = PBXFileReference; lastKnownFileType = text.plist.xml; path = Info.plist; sourceTree = "<group>"; };
		379FEC552253501400F0AF56 /* main.m */ = {isa = PBXFileReference; lastKnownFileType = sourcecode.c.objc; path = main.m; sourceTree = "<group>"; };
		379FEC5B2253501400F0AF56 /* AnimationTests.xctest */ = {isa = PBXFileReference; explicitFileType = wrapper.cfbundle; includeInIndex = 0; path = AnimationTests.xctest; sourceTree = BUILT_PRODUCTS_DIR; };
		379FEC5F2253501500F0AF56 /* AnimationTests.m */ = {isa = PBXFileReference; lastKnownFileType = sourcecode.c.objc; path = AnimationTests.m; sourceTree = "<group>"; };
		379FEC612253501500F0AF56 /* Info.plist */ = {isa = PBXFileReference; lastKnownFileType = text.plist.xml; path = Info.plist; sourceTree = "<group>"; };
		379FEC662253501500F0AF56 /* AnimationUITests.xctest */ = {isa = PBXFileReference; explicitFileType = wrapper.cfbundle; includeInIndex = 0; path = AnimationUITests.xctest; sourceTree = BUILT_PRODUCTS_DIR; };
		379FEC6A2253501500F0AF56 /* AnimationUITests.m */ = {isa = PBXFileReference; lastKnownFileType = sourcecode.c.objc; path = AnimationUITests.m; sourceTree = "<group>"; };
		379FEC6C2253501500F0AF56 /* Info.plist */ = {isa = PBXFileReference; lastKnownFileType = text.plist.xml; path = Info.plist; sourceTree = "<group>"; };
		379FEC792253620E00F0AF56 /* AnimationHomeTableViewController.h */ = {isa = PBXFileReference; lastKnownFileType = sourcecode.c.h; path = AnimationHomeTableViewController.h; sourceTree = "<group>"; };
		379FEC7A2253620E00F0AF56 /* AnimationHomeTableViewController.m */ = {isa = PBXFileReference; lastKnownFileType = sourcecode.c.objc; path = AnimationHomeTableViewController.m; sourceTree = "<group>"; };
		379FEC7F225368A600F0AF56 /* FireAnimationViewController.h */ = {isa = PBXFileReference; lastKnownFileType = sourcecode.c.h; path = FireAnimationViewController.h; sourceTree = "<group>"; };
		379FEC80225368A600F0AF56 /* FireAnimationViewController.m */ = {isa = PBXFileReference; lastKnownFileType = sourcecode.c.objc; path = FireAnimationViewController.m; sourceTree = "<group>"; };
		379FEC81225368A600F0AF56 /* FireAnimationViewController.xib */ = {isa = PBXFileReference; lastKnownFileType = file.xib; path = FireAnimationViewController.xib; sourceTree = "<group>"; };
		4E8CC59AFE8216AE350482E8 /* libPods-Animation.a */ = {isa = PBXFileReference; explicitFileType = archive.ar; includeInIndex = 0; path = "libPods-Animation.a"; sourceTree = BUILT_PRODUCTS_DIR; };
		53128E908D1F2F7DD36212A5 /* libPods-AnimationUITests.a */ = {isa = PBXFileReference; explicitFileType = archive.ar; includeInIndex = 0; path = "libPods-AnimationUITests.a"; sourceTree = BUILT_PRODUCTS_DIR; };
		88DF5BB69F481ADAF510CDAD /* Pods-AnimationUITests.debug.xcconfig */ = {isa = PBXFileReference; includeInIndex = 1; lastKnownFileType = text.xcconfig; name = "Pods-AnimationUITests.debug.xcconfig"; path = "Target Support Files/Pods-AnimationUITests/Pods-AnimationUITests.debug.xcconfig"; sourceTree = "<group>"; };
		99B79610E7751DF58C7914DF /* Pods-Animation.release.xcconfig */ = {isa = PBXFileReference; includeInIndex = 1; lastKnownFileType = text.xcconfig; name = "Pods-Animation.release.xcconfig"; path = "Target Support Files/Pods-Animation/Pods-Animation.release.xcconfig"; sourceTree = "<group>"; };
		B3E08355384DCF0B289B6DE0 /* Pods-AnimationUITests.release.xcconfig */ = {isa = PBXFileReference; includeInIndex = 1; lastKnownFileType = text.xcconfig; name = "Pods-AnimationUITests.release.xcconfig"; path = "Target Support Files/Pods-AnimationUITests/Pods-AnimationUITests.release.xcconfig"; sourceTree = "<group>"; };
		EA82E412C770B6585F908AAC /* Pods-AnimationTests.release.xcconfig */ = {isa = PBXFileReference; includeInIndex = 1; lastKnownFileType = text.xcconfig; name = "Pods-AnimationTests.release.xcconfig"; path = "Target Support Files/Pods-AnimationTests/Pods-AnimationTests.release.xcconfig"; sourceTree = "<group>"; };
		FEB5E1D8C7FA568341073963 /* Pods-AnimationTests.debug.xcconfig */ = {isa = PBXFileReference; includeInIndex = 1; lastKnownFileType = text.xcconfig; name = "Pods-AnimationTests.debug.xcconfig"; path = "Target Support Files/Pods-AnimationTests/Pods-AnimationTests.debug.xcconfig"; sourceTree = "<group>"; };
/* End PBXFileReference section */

/* Begin PBXFrameworksBuildPhase section */
		379FEC402253501200F0AF56 /* Frameworks */ = {
			isa = PBXFrameworksBuildPhase;
			buildActionMask = 2147483647;
			files = (
				78F8FCEDC17C04745BEF8339 /* libPods-Animation.a in Frameworks */,
			);
			runOnlyForDeploymentPostprocessing = 0;
		};
		379FEC582253501400F0AF56 /* Frameworks */ = {
			isa = PBXFrameworksBuildPhase;
			buildActionMask = 2147483647;
			files = (
				9E8E7991F891EE6AE274B9AF /* libPods-AnimationTests.a in Frameworks */,
			);
			runOnlyForDeploymentPostprocessing = 0;
		};
		379FEC632253501500F0AF56 /* Frameworks */ = {
			isa = PBXFrameworksBuildPhase;
			buildActionMask = 2147483647;
			files = (
				2EFEB72CAFDBA8CE8FAD8F59 /* libPods-AnimationUITests.a in Frameworks */,
			);
			runOnlyForDeploymentPostprocessing = 0;
		};
/* End PBXFrameworksBuildPhase section */

/* Begin PBXGroup section */
		379FEC3A2253501200F0AF56 = {
			isa = PBXGroup;
			children = (
				379FEC452253501200F0AF56 /* Animation */,
				379FEC5E2253501500F0AF56 /* AnimationTests */,
				379FEC692253501500F0AF56 /* AnimationUITests */,
				379FEC442253501200F0AF56 /* Products */,
				CA31FDC0764446A90631C1CD /* Pods */,
				FB912435AF5621A18F154DB9 /* Frameworks */,
			);
			sourceTree = "<group>";
		};
		379FEC442253501200F0AF56 /* Products */ = {
			isa = PBXGroup;
			children = (
				379FEC432253501200F0AF56 /* Animation.app */,
				379FEC5B2253501400F0AF56 /* AnimationTests.xctest */,
				379FEC662253501500F0AF56 /* AnimationUITests.xctest */,
			);
			name = Products;
			sourceTree = "<group>";
		};
		379FEC452253501200F0AF56 /* Animation */ = {
			isa = PBXGroup;
			children = (
				379FEC462253501200F0AF56 /* AppDelegate.h */,
				379FEC472253501200F0AF56 /* AppDelegate.m */,
				379FEC492253501200F0AF56 /* ViewController.h */,
				379FEC4A2253501200F0AF56 /* ViewController.m */,
				379FEC792253620E00F0AF56 /* AnimationHomeTableViewController.h */,
				379FEC7A2253620E00F0AF56 /* AnimationHomeTableViewController.m */,
				379FEC7F225368A600F0AF56 /* FireAnimationViewController.h */,
				379FEC80225368A600F0AF56 /* FireAnimationViewController.m */,
				379FEC81225368A600F0AF56 /* FireAnimationViewController.xib */,
				379FEC4C2253501200F0AF56 /* Main.storyboard */,
				379FEC4F2253501400F0AF56 /* Assets.xcassets */,
				379FEC512253501400F0AF56 /* LaunchScreen.storyboard */,
				379FEC542253501400F0AF56 /* Info.plist */,
				379FEC552253501400F0AF56 /* main.m */,
			);
			path = Animation;
			sourceTree = "<group>";
		};
		379FEC5E2253501500F0AF56 /* AnimationTests */ = {
			isa = PBXGroup;
			children = (
				379FEC5F2253501500F0AF56 /* AnimationTests.m */,
				379FEC612253501500F0AF56 /* Info.plist */,
			);
			path = AnimationTests;
			sourceTree = "<group>";
		};
		379FEC692253501500F0AF56 /* AnimationUITests */ = {
			isa = PBXGroup;
			children = (
				379FEC6A2253501500F0AF56 /* AnimationUITests.m */,
				379FEC6C2253501500F0AF56 /* Info.plist */,
			);
			path = AnimationUITests;
			sourceTree = "<group>";
		};
		CA31FDC0764446A90631C1CD /* Pods */ = {
			isa = PBXGroup;
			children = (
				01931A7384359C730A16B99E /* Pods-Animation.debug.xcconfig */,
				99B79610E7751DF58C7914DF /* Pods-Animation.release.xcconfig */,
				FEB5E1D8C7FA568341073963 /* Pods-AnimationTests.debug.xcconfig */,
				EA82E412C770B6585F908AAC /* Pods-AnimationTests.release.xcconfig */,
				88DF5BB69F481ADAF510CDAD /* Pods-AnimationUITests.debug.xcconfig */,
				B3E08355384DCF0B289B6DE0 /* Pods-AnimationUITests.release.xcconfig */,
			);
			path = Pods;
			sourceTree = "<group>";
		};
		FB912435AF5621A18F154DB9 /* Frameworks */ = {
			isa = PBXGroup;
			children = (
				4E8CC59AFE8216AE350482E8 /* libPods-Animation.a */,
				16B7449606B2ECF90C18F237 /* libPods-AnimationTests.a */,
				53128E908D1F2F7DD36212A5 /* libPods-AnimationUITests.a */,
			);
			name = Frameworks;
			sourceTree = "<group>";
		};
/* End PBXGroup section */

/* Begin PBXNativeTarget section */
		379FEC422253501200F0AF56 /* Animation */ = {
			isa = PBXNativeTarget;
			buildConfigurationList = 379FEC6F2253501500F0AF56 /* Build configuration list for PBXNativeTarget "Animation" */;
			buildPhases = (
				7034D3C21C02701B934963C2 /* [CP] Check Pods Manifest.lock */,
				379FEC3F2253501200F0AF56 /* Sources */,
				379FEC402253501200F0AF56 /* Frameworks */,
				379FEC412253501200F0AF56 /* Resources */,
			);
			buildRules = (
			);
			dependencies = (
			);
			name = Animation;
			productName = Animation;
			productReference = 379FEC432253501200F0AF56 /* Animation.app */;
			productType = "com.apple.product-type.application";
		};
		379FEC5A2253501400F0AF56 /* AnimationTests */ = {
			isa = PBXNativeTarget;
			buildConfigurationList = 379FEC722253501500F0AF56 /* Build configuration list for PBXNativeTarget "AnimationTests" */;
			buildPhases = (
				28E19A91BBFF910AFFAFCB93 /* [CP] Check Pods Manifest.lock */,
				379FEC572253501400F0AF56 /* Sources */,
				379FEC582253501400F0AF56 /* Frameworks */,
				379FEC592253501400F0AF56 /* Resources */,
			);
			buildRules = (
			);
			dependencies = (
				379FEC5D2253501400F0AF56 /* PBXTargetDependency */,
			);
			name = AnimationTests;
			productName = AnimationTests;
			productReference = 379FEC5B2253501400F0AF56 /* AnimationTests.xctest */;
			productType = "com.apple.product-type.bundle.unit-test";
		};
		379FEC652253501500F0AF56 /* AnimationUITests */ = {
			isa = PBXNativeTarget;
			buildConfigurationList = 379FEC752253501500F0AF56 /* Build configuration list for PBXNativeTarget "AnimationUITests" */;
			buildPhases = (
				19A8C5BDC8E71AED90DDF5B4 /* [CP] Check Pods Manifest.lock */,
				379FEC622253501500F0AF56 /* Sources */,
				379FEC632253501500F0AF56 /* Frameworks */,
				379FEC642253501500F0AF56 /* Resources */,
			);
			buildRules = (
			);
			dependencies = (
				379FEC682253501500F0AF56 /* PBXTargetDependency */,
			);
			name = AnimationUITests;
			productName = AnimationUITests;
			productReference = 379FEC662253501500F0AF56 /* AnimationUITests.xctest */;
			productType = "com.apple.product-type.bundle.ui-testing";
		};
/* End PBXNativeTarget section */

/* Begin PBXProject section */
		379FEC3B2253501200F0AF56 /* Project object */ = {
			isa = PBXProject;
			attributes = {
				LastUpgradeCheck = 1010;
				ORGANIZATIONNAME = "WJ-zzl";
				TargetAttributes = {
					379FEC422253501200F0AF56 = {
						CreatedOnToolsVersion = 10.1;
					};
					379FEC5A2253501400F0AF56 = {
						CreatedOnToolsVersion = 10.1;
						TestTargetID = 379FEC422253501200F0AF56;
					};
					379FEC652253501500F0AF56 = {
						CreatedOnToolsVersion = 10.1;
						TestTargetID = 379FEC422253501200F0AF56;
					};
				};
			};
			buildConfigurationList = 379FEC3E2253501200F0AF56 /* Build configuration list for PBXProject "Animation" */;
			compatibilityVersion = "Xcode 9.3";
			developmentRegion = en;
			hasScannedForEncodings = 0;
			knownRegions = (
				en,
				Base,
			);
			mainGroup = 379FEC3A2253501200F0AF56;
			productRefGroup = 379FEC442253501200F0AF56 /* Products */;
			projectDirPath = "";
			projectRoot = "";
			targets = (
				379FEC422253501200F0AF56 /* Animation */,
				379FEC5A2253501400F0AF56 /* AnimationTests */,
				379FEC652253501500F0AF56 /* AnimationUITests */,
			);
		};
/* End PBXProject section */

/* Begin PBXResourcesBuildPhase section */
		379FEC412253501200F0AF56 /* Resources */ = {
			isa = PBXResourcesBuildPhase;
			buildActionMask = 2147483647;
			files = (
				379FEC532253501400F0AF56 /* LaunchScreen.storyboard in Resources */,
				379FEC83225368A600F0AF56 /* FireAnimationViewController.xib in Resources */,
				379FEC502253501400F0AF56 /* Assets.xcassets in Resources */,
				379FEC4E2253501200F0AF56 /* Main.storyboard in Resources */,
			);
			runOnlyForDeploymentPostprocessing = 0;
		};
		379FEC592253501400F0AF56 /* Resources */ = {
			isa = PBXResourcesBuildPhase;
			buildActionMask = 2147483647;
			files = (
			);
			runOnlyForDeploymentPostprocessing = 0;
		};
		379FEC642253501500F0AF56 /* Resources */ = {
			isa = PBXResourcesBuildPhase;
			buildActionMask = 2147483647;
			files = (
			);
			runOnlyForDeploymentPostprocessing = 0;
		};
/* End PBXResourcesBuildPhase section */

/* Begin PBXShellScriptBuildPhase section */
		19A8C5BDC8E71AED90DDF5B4 /* [CP] Check Pods Manifest.lock */ = {
			isa = PBXShellScriptBuildPhase;
			buildActionMask = 2147483647;
			files = (
			);
			inputFileListPaths = (
			);
			inputPaths = (
				"${PODS_PODFILE_DIR_PATH}/Podfile.lock",
				"${PODS_ROOT}/Manifest.lock",
			);
			name = "[CP] Check Pods Manifest.lock";
			outputFileListPaths = (
			);
			outputPaths = (
				"$(DERIVED_FILE_DIR)/Pods-AnimationUITests-checkManifestLockResult.txt",
			);
			runOnlyForDeploymentPostprocessing = 0;
			shellPath = /bin/sh;
			shellScript = "diff \"${PODS_PODFILE_DIR_PATH}/Podfile.lock\" \"${PODS_ROOT}/Manifest.lock\" > /dev/null\nif [ $? != 0 ] ; then\n    # print error to STDERR\n    echo \"error: The sandbox is not in sync with the Podfile.lock. Run 'pod install' or update your CocoaPods installation.\" >&2\n    exit 1\nfi\n# This output is used by Xcode 'outputs' to avoid re-running this script phase.\necho \"SUCCESS\" > \"${SCRIPT_OUTPUT_FILE_0}\"\n";
			showEnvVarsInLog = 0;
		};
		28E19A91BBFF910AFFAFCB93 /* [CP] Check Pods Manifest.lock */ = {
			isa = PBXShellScriptBuildPhase;
			buildActionMask = 2147483647;
			files = (
			);
			inputFileListPaths = (
			);
			inputPaths = (
				"${PODS_PODFILE_DIR_PATH}/Podfile.lock",
				"${PODS_ROOT}/Manifest.lock",
			);
			name = "[CP] Check Pods Manifest.lock";
			outputFileListPaths = (
			);
			outputPaths = (
				"$(DERIVED_FILE_DIR)/Pods-AnimationTests-checkManifestLockResult.txt",
			);
			runOnlyForDeploymentPostprocessing = 0;
			shellPath = /bin/sh;
			shellScript = "diff \"${PODS_PODFILE_DIR_PATH}/Podfile.lock\" \"${PODS_ROOT}/Manifest.lock\" > /dev/null\nif [ $? != 0 ] ; then\n    # print error to STDERR\n    echo \"error: The sandbox is not in sync with the Podfile.lock. Run 'pod install' or update your CocoaPods installation.\" >&2\n    exit 1\nfi\n# This output is used by Xcode 'outputs' to avoid re-running this script phase.\necho \"SUCCESS\" > \"${SCRIPT_OUTPUT_FILE_0}\"\n";
			showEnvVarsInLog = 0;
		};
		7034D3C21C02701B934963C2 /* [CP] Check Pods Manifest.lock */ = {
			isa = PBXShellScriptBuildPhase;
			buildActionMask = 2147483647;
			files = (
			);
			inputFileListPaths = (
			);
			inputPaths = (
				"${PODS_PODFILE_DIR_PATH}/Podfile.lock",
				"${PODS_ROOT}/Manifest.lock",
			);
			name = "[CP] Check Pods Manifest.lock";
			outputFileListPaths = (
			);
			outputPaths = (
				"$(DERIVED_FILE_DIR)/Pods-Animation-checkManifestLockResult.txt",
			);
			runOnlyForDeploymentPostprocessing = 0;
			shellPath = /bin/sh;
			shellScript = "diff \"${PODS_PODFILE_DIR_PATH}/Podfile.lock\" \"${PODS_ROOT}/Manifest.lock\" > /dev/null\nif [ $? != 0 ] ; then\n    # print error to STDERR\n    echo \"error: The sandbox is not in sync with the Podfile.lock. Run 'pod install' or update your CocoaPods installation.\" >&2\n    exit 1\nfi\n# This output is used by Xcode 'outputs' to avoid re-running this script phase.\necho \"SUCCESS\" > \"${SCRIPT_OUTPUT_FILE_0}\"\n";
			showEnvVarsInLog = 0;
		};
/* End PBXShellScriptBuildPhase section */

/* Begin PBXSourcesBuildPhase section */
		379FEC3F2253501200F0AF56 /* Sources */ = {
			isa = PBXSourcesBuildPhase;
			buildActionMask = 2147483647;
			files = (
				379FEC4B2253501200F0AF56 /* ViewController.m in Sources */,
				379FEC7B2253620E00F0AF56 /* AnimationHomeTableViewController.m in Sources */,
				379FEC562253501400F0AF56 /* main.m in Sources */,
				379FEC82225368A600F0AF56 /* FireAnimationViewController.m in Sources */,
				379FEC482253501200F0AF56 /* AppDelegate.m in Sources */,
			);
			runOnlyForDeploymentPostprocessing = 0;
		};
		379FEC572253501400F0AF56 /* Sources */ = {
			isa = PBXSourcesBuildPhase;
			buildActionMask = 2147483647;
			files = (
				379FEC602253501500F0AF56 /* AnimationTests.m in Sources */,
			);
			runOnlyForDeploymentPostprocessing = 0;
		};
		379FEC622253501500F0AF56 /* Sources */ = {
			isa = PBXSourcesBuildPhase;
			buildActionMask = 2147483647;
			files = (
				379FEC6B2253501500F0AF56 /* AnimationUITests.m in Sources */,
			);
			runOnlyForDeploymentPostprocessing = 0;
		};
/* End PBXSourcesBuildPhase section */

/* Begin PBXTargetDependency section */
		379FEC5D2253501400F0AF56 /* PBXTargetDependency */ = {
			isa = PBXTargetDependency;
			target = 379FEC422253501200F0AF56 /* Animation */;
			targetProxy = 379FEC5C2253501400F0AF56 /* PBXContainerItemProxy */;
		};
		379FEC682253501500F0AF56 /* PBXTargetDependency */ = {
			isa = PBXTargetDependency;
			target = 379FEC422253501200F0AF56 /* Animation */;
			targetProxy = 379FEC672253501500F0AF56 /* PBXContainerItemProxy */;
		};
/* End PBXTargetDependency section */

/* Begin PBXVariantGroup section */
		379FEC4C2253501200F0AF56 /* Main.storyboard */ = {
			isa = PBXVariantGroup;
			children = (
				379FEC4D2253501200F0AF56 /* Base */,
			);
			name = Main.storyboard;
			sourceTree = "<group>";
		};
		379FEC512253501400F0AF56 /* LaunchScreen.storyboard */ = {
			isa = PBXVariantGroup;
			children = (
				379FEC522253501400F0AF56 /* Base */,
			);
			name = LaunchScreen.storyboard;
			sourceTree = "<group>";
		};
/* End PBXVariantGroup section */

/* Begin XCBuildConfiguration section */
		379FEC6D2253501500F0AF56 /* Debug */ = {
			isa = XCBuildConfiguration;
			buildSettings = {
				ALWAYS_SEARCH_USER_PATHS = NO;
				CLANG_ANALYZER_NONNULL = YES;
				CLANG_ANALYZER_NUMBER_OBJECT_CONVERSION = YES_AGGRESSIVE;
				CLANG_CXX_LANGUAGE_STANDARD = "gnu++14";
				CLANG_CXX_LIBRARY = "libc++";
				CLANG_ENABLE_MODULES = YES;
				CLANG_ENABLE_OBJC_ARC = YES;
				CLANG_ENABLE_OBJC_WEAK = YES;
				CLANG_WARN_BLOCK_CAPTURE_AUTORELEASING = YES;
				CLANG_WARN_BOOL_CONVERSION = YES;
				CLANG_WARN_COMMA = YES;
				CLANG_WARN_CONSTANT_CONVERSION = YES;
				CLANG_WARN_DEPRECATED_OBJC_IMPLEMENTATIONS = YES;
				CLANG_WARN_DIRECT_OBJC_ISA_USAGE = YES_ERROR;
				CLANG_WARN_DOCUMENTATION_COMMENTS = YES;
				CLANG_WARN_EMPTY_BODY = YES;
				CLANG_WARN_ENUM_CONVERSION = YES;
				CLANG_WARN_INFINITE_RECURSION = YES;
				CLANG_WARN_INT_CONVERSION = YES;
				CLANG_WARN_NON_LITERAL_NULL_CONVERSION = YES;
				CLANG_WARN_OBJC_IMPLICIT_RETAIN_SELF = YES;
				CLANG_WARN_OBJC_LITERAL_CONVERSION = YES;
				CLANG_WARN_OBJC_ROOT_CLASS = YES_ERROR;
				CLANG_WARN_RANGE_LOOP_ANALYSIS = YES;
				CLANG_WARN_STRICT_PROTOTYPES = YES;
				CLANG_WARN_SUSPICIOUS_MOVE = YES;
				CLANG_WARN_UNGUARDED_AVAILABILITY = YES_AGGRESSIVE;
				CLANG_WARN_UNREACHABLE_CODE = YES;
				CLANG_WARN__DUPLICATE_METHOD_MATCH = YES;
				CODE_SIGN_IDENTITY = "iPhone Developer";
				COPY_PHASE_STRIP = NO;
				DEBUG_INFORMATION_FORMAT = dwarf;
				ENABLE_STRICT_OBJC_MSGSEND = YES;
				ENABLE_TESTABILITY = YES;
				GCC_C_LANGUAGE_STANDARD = gnu11;
				GCC_DYNAMIC_NO_PIC = NO;
				GCC_NO_COMMON_BLOCKS = YES;
				GCC_OPTIMIZATION_LEVEL = 0;
				GCC_PREPROCESSOR_DEFINITIONS = (
					"DEBUG=1",
					"$(inherited)",
				);
				GCC_WARN_64_TO_32_BIT_CONVERSION = YES;
				GCC_WARN_ABOUT_RETURN_TYPE = YES_ERROR;
				GCC_WARN_UNDECLARED_SELECTOR = YES;
				GCC_WARN_UNINITIALIZED_AUTOS = YES_AGGRESSIVE;
				GCC_WARN_UNUSED_FUNCTION = YES;
				GCC_WARN_UNUSED_VARIABLE = YES;
				IPHONEOS_DEPLOYMENT_TARGET = 12.1;
				MTL_ENABLE_DEBUG_INFO = INCLUDE_SOURCE;
				MTL_FAST_MATH = YES;
				ONLY_ACTIVE_ARCH = YES;
				SDKROOT = iphoneos;
			};
			name = Debug;
		};
		379FEC6E2253501500F0AF56 /* Release */ = {
			isa = XCBuildConfiguration;
			buildSettings = {
				ALWAYS_SEARCH_USER_PATHS = NO;
				CLANG_ANALYZER_NONNULL = YES;
				CLANG_ANALYZER_NUMBER_OBJECT_CONVERSION = YES_AGGRESSIVE;
				CLANG_CXX_LANGUAGE_STANDARD = "gnu++14";
				CLANG_CXX_LIBRARY = "libc++";
				CLANG_ENABLE_MODULES = YES;
				CLANG_ENABLE_OBJC_ARC = YES;
				CLANG_ENABLE_OBJC_WEAK = YES;
				CLANG_WARN_BLOCK_CAPTURE_AUTORELEASING = YES;
				CLANG_WARN_BOOL_CONVERSION = YES;
				CLANG_WARN_COMMA = YES;
				CLANG_WARN_CONSTANT_CONVERSION = YES;
				CLANG_WARN_DEPRECATED_OBJC_IMPLEMENTATIONS = YES;
				CLANG_WARN_DIRECT_OBJC_ISA_USAGE = YES_ERROR;
				CLANG_WARN_DOCUMENTATION_COMMENTS = YES;
				CLANG_WARN_EMPTY_BODY = YES;
				CLANG_WARN_ENUM_CONVERSION = YES;
				CLANG_WARN_INFINITE_RECURSION = YES;
				CLANG_WARN_INT_CONVERSION = YES;
				CLANG_WARN_NON_LITERAL_NULL_CONVERSION = YES;
				CLANG_WARN_OBJC_IMPLICIT_RETAIN_SELF = YES;
				CLANG_WARN_OBJC_LITERAL_CONVERSION = YES;
				CLANG_WARN_OBJC_ROOT_CLASS = YES_ERROR;
				CLANG_WARN_RANGE_LOOP_ANALYSIS = YES;
				CLANG_WARN_STRICT_PROTOTYPES = YES;
				CLANG_WARN_SUSPICIOUS_MOVE = YES;
				CLANG_WARN_UNGUARDED_AVAILABILITY = YES_AGGRESSIVE;
				CLANG_WARN_UNREACHABLE_CODE = YES;
				CLANG_WARN__DUPLICATE_METHOD_MATCH = YES;
				CODE_SIGN_IDENTITY = "iPhone Developer";
				COPY_PHASE_STRIP = NO;
				DEBUG_INFORMATION_FORMAT = "dwarf-with-dsym";
				ENABLE_NS_ASSERTIONS = NO;
				ENABLE_STRICT_OBJC_MSGSEND = YES;
				GCC_C_LANGUAGE_STANDARD = gnu11;
				GCC_NO_COMMON_BLOCKS = YES;
				GCC_WARN_64_TO_32_BIT_CONVERSION = YES;
				GCC_WARN_ABOUT_RETURN_TYPE = YES_ERROR;
				GCC_WARN_UNDECLARED_SELECTOR = YES;
				GCC_WARN_UNINITIALIZED_AUTOS = YES_AGGRESSIVE;
				GCC_WARN_UNUSED_FUNCTION = YES;
				GCC_WARN_UNUSED_VARIABLE = YES;
				IPHONEOS_DEPLOYMENT_TARGET = 12.1;
				MTL_ENABLE_DEBUG_INFO = NO;
				MTL_FAST_MATH = YES;
				SDKROOT = iphoneos;
				VALIDATE_PRODUCT = YES;
			};
			name = Release;
		};
		379FEC702253501500F0AF56 /* Debug */ = {
			isa = XCBuildConfiguration;
			baseConfigurationReference = 01931A7384359C730A16B99E /* Pods-Animation.debug.xcconfig */;
			buildSettings = {
				ASSETCATALOG_COMPILER_APPICON_NAME = AppIcon;
				CODE_SIGN_STYLE = Automatic;
				DEVELOPMENT_TEAM = 4NACK8L2H6;
				INFOPLIST_FILE = Animation/Info.plist;
				LD_RUNPATH_SEARCH_PATHS = (
					"$(inherited)",
					"@executable_path/Frameworks",
				);
				PRODUCT_BUNDLE_IDENTIFIER = WJTest.Animation;
				PRODUCT_NAME = "$(TARGET_NAME)";
				TARGETED_DEVICE_FAMILY = "1,2";
			};
			name = Debug;
		};
		379FEC712253501500F0AF56 /* Release */ = {
			isa = XCBuildConfiguration;
			baseConfigurationReference = 99B79610E7751DF58C7914DF /* Pods-Animation.release.xcconfig */;
			buildSettings = {
				ASSETCATALOG_COMPILER_APPICON_NAME = AppIcon;
				CODE_SIGN_STYLE = Automatic;
				DEVELOPMENT_TEAM = 4NACK8L2H6;
				INFOPLIST_FILE = Animation/Info.plist;
				LD_RUNPATH_SEARCH_PATHS = (
					"$(inherited)",
					"@executable_path/Frameworks",
				);
				PRODUCT_BUNDLE_IDENTIFIER = WJTest.Animation;
				PRODUCT_NAME = "$(TARGET_NAME)";
				TARGETED_DEVICE_FAMILY = "1,2";
			};
			name = Release;
		};
		379FEC732253501500F0AF56 /* Debug */ = {
			isa = XCBuildConfiguration;
			baseConfigurationReference = FEB5E1D8C7FA568341073963 /* Pods-AnimationTests.debug.xcconfig */;
			buildSettings = {
				BUNDLE_LOADER = "$(TEST_HOST)";
				CODE_SIGN_STYLE = Automatic;
				DEVELOPMENT_TEAM = 4NACK8L2H6;
				INFOPLIST_FILE = AnimationTests/Info.plist;
				LD_RUNPATH_SEARCH_PATHS = (
					"$(inherited)",
					"@executable_path/Frameworks",
					"@loader_path/Frameworks",
				);
				PRODUCT_BUNDLE_IDENTIFIER = WJTest.AnimationTests;
				PRODUCT_NAME = "$(TARGET_NAME)";
				TARGETED_DEVICE_FAMILY = "1,2";
				TEST_HOST = "$(BUILT_PRODUCTS_DIR)/Animation.app/Animation";
			};
			name = Debug;
		};
		379FEC742253501500F0AF56 /* Release */ = {
			isa = XCBuildConfiguration;
			baseConfigurationReference = EA82E412C770B6585F908AAC /* Pods-AnimationTests.release.xcconfig */;
			buildSettings = {
				BUNDLE_LOADER = "$(TEST_HOST)";
				CODE_SIGN_STYLE = Automatic;
				DEVELOPMENT_TEAM = 4NACK8L2H6;
				INFOPLIST_FILE = AnimationTests/Info.plist;
				LD_RUNPATH_SEARCH_PATHS = (
					"$(inherited)",
					"@executable_path/Frameworks",
					"@loader_path/Frameworks",
				);
				PRODUCT_BUNDLE_IDENTIFIER = WJTest.AnimationTests;
				PRODUCT_NAME = "$(TARGET_NAME)";
				TARGETED_DEVICE_FAMILY = "1,2";
				TEST_HOST = "$(BUILT_PRODUCTS_DIR)/Animation.app/Animation";
			};
			name = Release;
		};
		379FEC762253501500F0AF56 /* Debug */ = {
			isa = XCBuildConfiguration;
			baseConfigurationReference = 88DF5BB69F481ADAF510CDAD /* Pods-AnimationUITests.debug.xcconfig */;
			buildSettings = {
				CODE_SIGN_STYLE = Automatic;
				DEVELOPMENT_TEAM = 4NACK8L2H6;
				INFOPLIST_FILE = AnimationUITests/Info.plist;
				LD_RUNPATH_SEARCH_PATHS = (
					"$(inherited)",
					"@executable_path/Frameworks",
					"@loader_path/Frameworks",
				);
				PRODUCT_BUNDLE_IDENTIFIER = WJTest.AnimationUITests;
				PRODUCT_NAME = "$(TARGET_NAME)";
				TARGETED_DEVICE_FAMILY = "1,2";
				TEST_TARGET_NAME = Animation;
			};
			name = Debug;
		};
		379FEC772253501500F0AF56 /* Release */ = {
			isa = XCBuildConfiguration;
			baseConfigurationReference = B3E08355384DCF0B289B6DE0 /* Pods-AnimationUITests.release.xcconfig */;
			buildSettings = {
				CODE_SIGN_STYLE = Automatic;
				DEVELOPMENT_TEAM = 4NACK8L2H6;
				INFOPLIST_FILE = AnimationUITests/Info.plist;
				LD_RUNPATH_SEARCH_PATHS = (
					"$(inherited)",
					"@executable_path/Frameworks",
					"@loader_path/Frameworks",
				);
				PRODUCT_BUNDLE_IDENTIFIER = WJTest.AnimationUITests;
				PRODUCT_NAME = "$(TARGET_NAME)";
				TARGETED_DEVICE_FAMILY = "1,2";
				TEST_TARGET_NAME = Animation;
			};
			name = Release;
		};
/* End XCBuildConfiguration section */

/* Begin XCConfigurationList section */
		379FEC3E2253501200F0AF56 /* Build configuration list for PBXProject "Animation" */ = {
			isa = XCConfigurationList;
			buildConfigurations = (
				379FEC6D2253501500F0AF56 /* Debug */,
				379FEC6E2253501500F0AF56 /* Release */,
			);
			defaultConfigurationIsVisible = 0;
			defaultConfigurationName = Release;
		};
		379FEC6F2253501500F0AF56 /* Build configuration list for PBXNativeTarget "Animation" */ = {
			isa = XCConfigurationList;
			buildConfigurations = (
				379FEC702253501500F0AF56 /* Debug */,
				379FEC712253501500F0AF56 /* Release */,
			);
			defaultConfigurationIsVisible = 0;
			defaultConfigurationName = Release;
		};
		379FEC722253501500F0AF56 /* Build configuration list for PBXNativeTarget "AnimationTests" */ = {
			isa = XCConfigurationList;
			buildConfigurations = (
				379FEC732253501500F0AF56 /* Debug */,
				379FEC742253501500F0AF56 /* Release */,
			);
			defaultConfigurationIsVisible = 0;
			defaultConfigurationName = Release;
		};
		379FEC752253501500F0AF56 /* Build configuration list for PBXNativeTarget "AnimationUITests" */ = {
			isa = XCConfigurationList;
			buildConfigurations = (
				379FEC762253501500F0AF56 /* Debug */,
				379FEC772253501500F0AF56 /* Release */,
			);
			defaultConfigurationIsVisible = 0;
			defaultConfigurationName = Release;
		};
/* End XCConfigurationList section */
	};
	rootObject = 379FEC3B2253501200F0AF56 /* Project object */;
}
